
Microsoft Visual Studio Solution File, Format Version 12.00
# Visual Studio 15
VisualStudioVersion = 15.0.26430.15
MinimumVisualStudioVersion = 10.0.40219.1
Project("{FAE04EC0-301F-11D3-BF4B-00C04F79EFBC}") = "Core", "Core\Core.csproj", "{2D4FB923-9DA1-415B-98C4-4FD791A3461F}"
EndProject
Project("{FAE04EC0-301F-11D3-BF4B-00C04F79EFBC}") = "Interfaces", "Interfaces\Interfaces.csproj", "{E0334BB4-E9D9-4FCF-BC55-F1ACC65D9FC2}"
EndProject
Project("{FAE04EC0-301F-11D3-BF4B-00C04F79EFBC}") = "DAOMock", "DAOMock\DAOMock.csproj", "{CAC07C52-C3CE-4557-BEC3-B7E1C96BB2C2}"
EndProject
Project("{FAE04EC0-301F-11D3-BF4B-00C04F79EFBC}") = "BLC", "BLC\BLC.csproj", "{68FEEB96-6438-43AD-A2D2-1035FD0DDA36}"
EndProject
Project("{FAE04EC0-301F-11D3-BF4B-00C04F79EFBC}") = "GunCatalog", "GunCatalog\GunCatalog.csproj", "{45FFA787-B076-4018-9022-B544D79A1DB7}"
	ProjectSection(ProjectDependencies) = postProject
		{68FEEB96-6438-43AD-A2D2-1035FD0DDA36} = {68FEEB96-6438-43AD-A2D2-1035FD0DDA36}
		{E0334BB4-E9D9-4FCF-BC55-F1ACC65D9FC2} = {E0334BB4-E9D9-4FCF-BC55-F1ACC65D9FC2}
	EndProjectSection
EndProject
Project("{FAE04EC0-301F-11D3-BF4B-00C04F79EFBC}") = "DAOMock2", "DAOMock2\DAOMock2.csproj", "{CDD89293-AE7F-4E0B-8A3B-6F7A842F80B7}"
EndProject
Global
	GlobalSection(SolutionConfigurationPlatforms) = preSolution
		Debug|Any CPU = Debug|Any CPU
		Release|Any CPU = Release|Any CPU
	EndGlobalSection
	GlobalSection(ProjectConfigurationPlatforms) = postSolution
		{2D4FB923-9DA1-415B-98C4-4FD791A3461F}.Debug|Any CPU.ActiveCfg = Debug|Any CPU
		{2D4FB923-9DA1-415B-98C4-4FD791A3461F}.Debug|Any CPU.Build.0 = Debug|Any CPU
		{2D4FB923-9DA1-415B-98C4-4FD791A3461F}.Release|Any CPU.ActiveCfg = Release|Any CPU
		{2D4FB923-9DA1-415B-98C4-4FD791A3461F}.Release|Any CPU.Build.0 = Release|Any CPU
		{E0334BB4-E9D9-4FCF-BC55-F1ACC65D9FC2}.Debug|Any CPU.ActiveCfg = Debug|Any CPU
		{E0334BB4-E9D9-4FCF-BC55-F1ACC65D9FC2}.Debug|Any CPU.Build.0 = Debug|Any CPU
		{E0334BB4-E9D9-4FCF-BC55-F1ACC65D9FC2}.Release|Any CPU.ActiveCfg = Release|Any CPU
		{E0334BB4-E9D9-4FCF-BC55-F1ACC65D9FC2}.Release|Any CPU.Build.0 = Release|Any CPU
		{CAC07C52-C3CE-4557-BEC3-B7E1C96BB2C2}.Debug|Any CPU.ActiveCfg = Debug|Any CPU
		{CAC07C52-C3CE-4557-BEC3-B7E1C96BB2C2}.Debug|Any CPU.Build.0 = Debug|Any CPU
		{CAC07C52-C3CE-4557-BEC3-B7E1C96BB2C2}.Release|Any CPU.ActiveCfg = Release|Any CPU
		{CAC07C52-C3CE-4557-BEC3-B7E1C96BB2C2}.Release|Any CPU.Build.0 = Release|Any CPU
		{68FEEB96-6438-43AD-A2D2-1035FD0DDA36}.Debug|Any CPU.ActiveCfg = Debug|Any CPU
		{68FEEB96-6438-43AD-A2D2-1035FD0DDA36}.Debug|Any CPU.Build.0 = Debug|Any CPU
		{68FEEB96-6438-43AD-A2D2-1035FD0DDA36}.Release|Any CPU.ActiveCfg = Release|Any CPU
		{68FEEB96-6438-43AD-A2D2-1035FD0DDA36}.Release|Any CPU.Build.0 = Release|Any CPU
		{45FFA787-B076-4018-9022-B544D79A1DB7}.Debug|Any CPU.ActiveCfg = Debug|Any CPU
		{45FFA787-B076-4018-9022-B544D79A1DB7}.Debug|Any CPU.Build.0 = Debug|Any CPU
		{45FFA787-B076-4018-9022-B544D79A1DB7}.Release|Any CPU.ActiveCfg = Release|Any CPU
		{45FFA787-B076-4018-9022-B544D79A1DB7}.Release|Any CPU.Build.0 = Release|Any CPU
		{CDD89293-AE7F-4E0B-8A3B-6F7A842F80B7}.Debug|Any CPU.ActiveCfg = Debug|Any CPU
		{CDD89293-AE7F-4E0B-8A3B-6F7A842F80B7}.Debug|Any CPU.Build.0 = Debug|Any CPU
		{CDD89293-AE7F-4E0B-8A3B-6F7A842F80B7}.Release|Any CPU.ActiveCfg = Release|Any CPU
		{CDD89293-AE7F-4E0B-8A3B-6F7A842F80B7}.Release|Any CPU.Build.0 = Release|Any CPU
	EndGlobalSection
	GlobalSection(SolutionProperties) = preSolution
		HideSolutionNode = FALSE
	EndGlobalSection
	GlobalSection(ExtensibilityGlobals) = postSolution
		SolutionGuid = {71D3A809-4D24-4DE7-B615-C80586B4EB60}
	EndGlobalSection
EndGlobal
